
Microsoft Visual Studio Solution File, Format Version 12.00
# Visual Studio Version 17
VisualStudioVersion = 17.14.37502.11
MinimumVisualStudioVersion = 10.0.40219.1
Project("{FAE04EC0-301F-11D3-BF4B-00C04F79EFBC}") = "Ejecucion_Navegador", "Ejecucion_Navegador\Ejecucion_Navegador.csproj", "{FC97A513-F2C1-49DF-AD14-FD917950F055}"
EndProject
Global
	GlobalSection(SolutionConfigurationPlatforms) = preSolution
		Debug|Any CPU = Debug|Any CPU
		Release|Any CPU = Release|Any CPU
	EndGlobalSection
	GlobalSection(ProjectConfigurationPlatforms) = postSolution
		{FC97A513-F2C1-49DF-AD14-FD917950F055}.Debug|Any CPU.ActiveCfg = Debug|Any CPU
		{FC97A513-F2C1-49DF-AD14-FD917950F055}.Debug|Any CPU.Build.0 = Debug|Any CPU
		{FC97A513-F2C1-49DF-AD14-FD917950F055}.Release|Any CPU.ActiveCfg = Release|Any CPU
		{FC97A513-F2C1-49DF-AD14-FD917950F055}.Release|Any CPU.Build.0 = Release|Any CPU
	EndGlobalSection
	GlobalSection(SolutionProperties) = preSolution
		HideSolutionNode = FALSE
	EndGlobalSection
	GlobalSection(ExtensibilityGlobals) = postSolution
		SolutionGuid = {5A70BF79-9C02-42DC-8DD9-AC7167281927}
	EndGlobalSection
EndGlobal
