
Microsoft Visual Studio Solution File, Format Version 12.00
# Visual Studio Version 17
VisualStudioVersion = 17.14.37516.0
MinimumVisualStudioVersion = 10.0.40219.1
Project("{FAE04EC0-301F-11D3-BF4B-00C04F79EFBC}") = "CapaControlador_BtnActualizar_Reporteador", "CapaControlador_BtnActualizar_Reporteador\CapaControlador_BtnActualizar_Reporteador.csproj", "{519B5A70-55FE-4928-AA98-83C1B8E588CC}"
EndProject
Project("{FAE04EC0-301F-11D3-BF4B-00C04F79EFBC}") = "CapaModelo_BtnActualizar_Reporteador", "CapaModelo_BtnActualizar_Reporteador\CapaModelo_BtnActualizar_Reporteador.csproj", "{2A1CA631-530E-40A7-8605-8187650099BF}"
EndProject
Project("{FAE04EC0-301F-11D3-BF4B-00C04F79EFBC}") = "CapaVista_BtnActualizar_Reporteador", "CapaVista_BtnActualizar_Reporteador\CapaVista_BtnActualizar_Reporteador.csproj", "{4FE25704-6A6B-47C2-A331-AEB34E6848FD}"
EndProject
Global
	GlobalSection(SolutionConfigurationPlatforms) = preSolution
		Debug|Any CPU = Debug|Any CPU
		Release|Any CPU = Release|Any CPU
	EndGlobalSection
	GlobalSection(ProjectConfigurationPlatforms) = postSolution
		{519B5A70-55FE-4928-AA98-83C1B8E588CC}.Debug|Any CPU.ActiveCfg = Debug|Any CPU
		{519B5A70-55FE-4928-AA98-83C1B8E588CC}.Debug|Any CPU.Build.0 = Debug|Any CPU
		{519B5A70-55FE-4928-AA98-83C1B8E588CC}.Release|Any CPU.ActiveCfg = Release|Any CPU
		{519B5A70-55FE-4928-AA98-83C1B8E588CC}.Release|Any CPU.Build.0 = Release|Any CPU
		{2A1CA631-530E-40A7-8605-8187650099BF}.Debug|Any CPU.ActiveCfg = Debug|Any CPU
		{2A1CA631-530E-40A7-8605-8187650099BF}.Debug|Any CPU.Build.0 = Debug|Any CPU
		{2A1CA631-530E-40A7-8605-8187650099BF}.Release|Any CPU.ActiveCfg = Release|Any CPU
		{2A1CA631-530E-40A7-8605-8187650099BF}.Release|Any CPU.Build.0 = Release|Any CPU
		{4FE25704-6A6B-47C2-A331-AEB34E6848FD}.Debug|Any CPU.ActiveCfg = Debug|Any CPU
		{4FE25704-6A6B-47C2-A331-AEB34E6848FD}.Debug|Any CPU.Build.0 = Debug|Any CPU
		{4FE25704-6A6B-47C2-A331-AEB34E6848FD}.Release|Any CPU.ActiveCfg = Release|Any CPU
		{4FE25704-6A6B-47C2-A331-AEB34E6848FD}.Release|Any CPU.Build.0 = Release|Any CPU
	EndGlobalSection
	GlobalSection(SolutionProperties) = preSolution
		HideSolutionNode = FALSE
	EndGlobalSection
	GlobalSection(ExtensibilityGlobals) = postSolution
		SolutionGuid = {65C73B0B-EF94-4AA6-A28E-5B36A35F5B99}
	EndGlobalSection
EndGlobal
