
Microsoft Visual Studio Solution File, Format Version 12.00
# Visual Studio Version 17
VisualStudioVersion = 17.0.31903.59
MinimumVisualStudioVersion = 10.0.40219.1
Project("{FAE04EC0-301F-11D3-BF4B-00C04F79EFBC}") = "CapaControlador_Consultas", "CapaControlador_Consultas\CapaControlador_Consultas.csproj", "{8D20A558-400E-412B-A004-7C6E9947FC58}"
EndProject
Project("{FAE04EC0-301F-11D3-BF4B-00C04F79EFBC}") = "CapaModelo_Consultas", "CapaModelo_Consultas\CapaModelo_Consultas.csproj", "{B819CF10-A1FE-4E5F-9C6D-3DEA99C8D7FF}"
EndProject
Project("{FAE04EC0-301F-11D3-BF4B-00C04F79EFBC}") = "CapaVista_Consultas", "CapaVista_Consultas\CapaVista_Consultas.csproj", "{214838A8-BCC6-40FC-AA84-66C0A95E2640}"
EndProject
Global
	GlobalSection(SolutionConfigurationPlatforms) = preSolution
		Debug|Any CPU = Debug|Any CPU
		Debug|x64 = Debug|x64
		Debug|x86 = Debug|x86
		Release|Any CPU = Release|Any CPU
		Release|x64 = Release|x64
		Release|x86 = Release|x86
	EndGlobalSection
	GlobalSection(ProjectConfigurationPlatforms) = postSolution
		{8D20A558-400E-412B-A004-7C6E9947FC58}.Debug|Any CPU.ActiveCfg = Debug|Any CPU
		{8D20A558-400E-412B-A004-7C6E9947FC58}.Debug|Any CPU.Build.0 = Debug|Any CPU
		{8D20A558-400E-412B-A004-7C6E9947FC58}.Debug|x64.ActiveCfg = Debug|Any CPU
		{8D20A558-400E-412B-A004-7C6E9947FC58}.Debug|x64.Build.0 = Debug|Any CPU
		{8D20A558-400E-412B-A004-7C6E9947FC58}.Debug|x86.ActiveCfg = Debug|Any CPU
		{8D20A558-400E-412B-A004-7C6E9947FC58}.Debug|x86.Build.0 = Debug|Any CPU
		{8D20A558-400E-412B-A004-7C6E9947FC58}.Release|Any CPU.ActiveCfg = Release|Any CPU
		{8D20A558-400E-412B-A004-7C6E9947FC58}.Release|Any CPU.Build.0 = Release|Any CPU
		{8D20A558-400E-412B-A004-7C6E9947FC58}.Release|x64.ActiveCfg = Release|Any CPU
		{8D20A558-400E-412B-A004-7C6E9947FC58}.Release|x64.Build.0 = Release|Any CPU
		{8D20A558-400E-412B-A004-7C6E9947FC58}.Release|x86.ActiveCfg = Release|Any CPU
		{8D20A558-400E-412B-A004-7C6E9947FC58}.Release|x86.Build.0 = Release|Any CPU
		{B819CF10-A1FE-4E5F-9C6D-3DEA99C8D7FF}.Debug|Any CPU.ActiveCfg = Debug|Any CPU
		{B819CF10-A1FE-4E5F-9C6D-3DEA99C8D7FF}.Debug|Any CPU.Build.0 = Debug|Any CPU
		{B819CF10-A1FE-4E5F-9C6D-3DEA99C8D7FF}.Debug|x64.ActiveCfg = Debug|Any CPU
		{B819CF10-A1FE-4E5F-9C6D-3DEA99C8D7FF}.Debug|x64.Build.0 = Debug|Any CPU
		{B819CF10-A1FE-4E5F-9C6D-3DEA99C8D7FF}.Debug|x86.ActiveCfg = Debug|Any CPU
		{B819CF10-A1FE-4E5F-9C6D-3DEA99C8D7FF}.Debug|x86.Build.0 = Debug|Any CPU
		{B819CF10-A1FE-4E5F-9C6D-3DEA99C8D7FF}.Release|Any CPU.ActiveCfg = Release|Any CPU
		{B819CF10-A1FE-4E5F-9C6D-3DEA99C8D7FF}.Release|Any CPU.Build.0 = Release|Any CPU
		{B819CF10-A1FE-4E5F-9C6D-3DEA99C8D7FF}.Release|x64.ActiveCfg = Release|Any CPU
		{B819CF10-A1FE-4E5F-9C6D-3DEA99C8D7FF}.Release|x64.Build.0 = Release|Any CPU
		{B819CF10-A1FE-4E5F-9C6D-3DEA99C8D7FF}.Release|x86.ActiveCfg = Release|Any CPU
		{B819CF10-A1FE-4E5F-9C6D-3DEA99C8D7FF}.Release|x86.Build.0 = Release|Any CPU
		{214838A8-BCC6-40FC-AA84-66C0A95E2640}.Debug|Any CPU.ActiveCfg = Debug|Any CPU
		{214838A8-BCC6-40FC-AA84-66C0A95E2640}.Debug|Any CPU.Build.0 = Debug|Any CPU
		{214838A8-BCC6-40FC-AA84-66C0A95E2640}.Debug|x64.ActiveCfg = Debug|Any CPU
		{214838A8-BCC6-40FC-AA84-66C0A95E2640}.Debug|x64.Build.0 = Debug|Any CPU
		{214838A8-BCC6-40FC-AA84-66C0A95E2640}.Debug|x86.ActiveCfg = Debug|Any CPU
		{214838A8-BCC6-40FC-AA84-66C0A95E2640}.Debug|x86.Build.0 = Debug|Any CPU
		{214838A8-BCC6-40FC-AA84-66C0A95E2640}.Release|Any CPU.ActiveCfg = Release|Any CPU
		{214838A8-BCC6-40FC-AA84-66C0A95E2640}.Release|Any CPU.Build.0 = Release|Any CPU
		{214838A8-BCC6-40FC-AA84-66C0A95E2640}.Release|x64.ActiveCfg = Release|Any CPU
		{214838A8-BCC6-40FC-AA84-66C0A95E2640}.Release|x64.Build.0 = Release|Any CPU
		{214838A8-BCC6-40FC-AA84-66C0A95E2640}.Release|x86.ActiveCfg = Release|Any CPU
		{214838A8-BCC6-40FC-AA84-66C0A95E2640}.Release|x86.Build.0 = Release|Any CPU
	EndGlobalSection
	GlobalSection(SolutionProperties) = preSolution
		HideSolutionNode = FALSE
	EndGlobalSection
EndGlobal
