
Microsoft Visual Studio Solution File, Format Version 12.00
# Visual Studio Version 17
VisualStudioVersion = 17.14.37502.11
MinimumVisualStudioVersion = 10.0.40219.1
Project("{FAE04EC0-301F-11D3-BF4B-00C04F79EFBC}") = "CapaModelo_parcial", "..\CapaModelo_parcial\CapaModelo_parcial.csproj", "{4395C3BF-705F-405C-8C9B-7551DDF91A8D}"
EndProject
Project("{FAE04EC0-301F-11D3-BF4B-00C04F79EFBC}") = "CapaVista_Parcial", "..\CapaVista_Parcial\CapaVista_Parcial.csproj", "{1B431C4F-EB95-4ABA-9F17-4B7C2D0A783A}"
EndProject
Project("{FAE04EC0-301F-11D3-BF4B-00C04F79EFBC}") = "CapaControlador_Parcial", "..\CapaControlador_Parcial\CapaControlador_Parcial.csproj", "{7CE429B2-D769-407F-BD79-827E39C22E2F}"
EndProject
Global
	GlobalSection(SolutionConfigurationPlatforms) = preSolution
		Debug|Any CPU = Debug|Any CPU
		Release|Any CPU = Release|Any CPU
	EndGlobalSection
	GlobalSection(ProjectConfigurationPlatforms) = postSolution
		{4395C3BF-705F-405C-8C9B-7551DDF91A8D}.Debug|Any CPU.ActiveCfg = Debug|Any CPU
		{4395C3BF-705F-405C-8C9B-7551DDF91A8D}.Debug|Any CPU.Build.0 = Debug|Any CPU
		{4395C3BF-705F-405C-8C9B-7551DDF91A8D}.Release|Any CPU.ActiveCfg = Release|Any CPU
		{4395C3BF-705F-405C-8C9B-7551DDF91A8D}.Release|Any CPU.Build.0 = Release|Any CPU
		{1B431C4F-EB95-4ABA-9F17-4B7C2D0A783A}.Debug|Any CPU.ActiveCfg = Debug|Any CPU
		{1B431C4F-EB95-4ABA-9F17-4B7C2D0A783A}.Debug|Any CPU.Build.0 = Debug|Any CPU
		{1B431C4F-EB95-4ABA-9F17-4B7C2D0A783A}.Release|Any CPU.ActiveCfg = Release|Any CPU
		{1B431C4F-EB95-4ABA-9F17-4B7C2D0A783A}.Release|Any CPU.Build.0 = Release|Any CPU
		{7CE429B2-D769-407F-BD79-827E39C22E2F}.Debug|Any CPU.ActiveCfg = Debug|Any CPU
		{7CE429B2-D769-407F-BD79-827E39C22E2F}.Debug|Any CPU.Build.0 = Debug|Any CPU
		{7CE429B2-D769-407F-BD79-827E39C22E2F}.Release|Any CPU.ActiveCfg = Release|Any CPU
		{7CE429B2-D769-407F-BD79-827E39C22E2F}.Release|Any CPU.Build.0 = Release|Any CPU
	EndGlobalSection
	GlobalSection(SolutionProperties) = preSolution
		HideSolutionNode = FALSE
	EndGlobalSection
	GlobalSection(ExtensibilityGlobals) = postSolution
		SolutionGuid = {62482686-A775-4BFC-B122-4A3259BF57E1}
	EndGlobalSection
EndGlobal
