
Microsoft Visual Studio Solution File, Format Version 12.00
# Visual Studio Version 17
VisualStudioVersion = 17.14.37516.0 d17.14
MinimumVisualStudioVersion = 10.0.40219.1
Project("{FAE04EC0-301F-11D3-BF4B-00C04F79EFBC}") = "CapaVista_BtnRuta_Reporteador", "CapaVista_BtnRuta_Reporteador\CapaVista_BtnRuta_Reporteador.csproj", "{6773E88B-A8B6-4E21-B4B4-0D896C938D4B}"
EndProject
Project("{FAE04EC0-301F-11D3-BF4B-00C04F79EFBC}") = "CapaModelo_BtnRuta_Reporteador", "CapaModelo_BtnRuta_Reporteador\CapaModelo_BtnRuta_Reporteador.csproj", "{C44B4443-CB33-4D08-AE59-DA4CB57302A2}"
EndProject
Project("{FAE04EC0-301F-11D3-BF4B-00C04F79EFBC}") = "CapaControlador_BtnRuta_Reporteador", "CapaControlador_BtnRuta_Reporteador\CapaControlador_BtnRuta_Reporteador.csproj", "{69B88374-E89E-4952-B098-35DC77DE21B0}"
EndProject
Global
	GlobalSection(SolutionConfigurationPlatforms) = preSolution
		Debug|Any CPU = Debug|Any CPU
		Release|Any CPU = Release|Any CPU
	EndGlobalSection
	GlobalSection(ProjectConfigurationPlatforms) = postSolution
		{6773E88B-A8B6-4E21-B4B4-0D896C938D4B}.Debug|Any CPU.ActiveCfg = Debug|Any CPU
		{6773E88B-A8B6-4E21-B4B4-0D896C938D4B}.Debug|Any CPU.Build.0 = Debug|Any CPU
		{6773E88B-A8B6-4E21-B4B4-0D896C938D4B}.Release|Any CPU.ActiveCfg = Release|Any CPU
		{6773E88B-A8B6-4E21-B4B4-0D896C938D4B}.Release|Any CPU.Build.0 = Release|Any CPU
		{C44B4443-CB33-4D08-AE59-DA4CB57302A2}.Debug|Any CPU.ActiveCfg = Debug|Any CPU
		{C44B4443-CB33-4D08-AE59-DA4CB57302A2}.Debug|Any CPU.Build.0 = Debug|Any CPU
		{C44B4443-CB33-4D08-AE59-DA4CB57302A2}.Release|Any CPU.ActiveCfg = Release|Any CPU
		{C44B4443-CB33-4D08-AE59-DA4CB57302A2}.Release|Any CPU.Build.0 = Release|Any CPU
		{69B88374-E89E-4952-B098-35DC77DE21B0}.Debug|Any CPU.ActiveCfg = Debug|Any CPU
		{69B88374-E89E-4952-B098-35DC77DE21B0}.Debug|Any CPU.Build.0 = Debug|Any CPU
		{69B88374-E89E-4952-B098-35DC77DE21B0}.Release|Any CPU.ActiveCfg = Release|Any CPU
		{69B88374-E89E-4952-B098-35DC77DE21B0}.Release|Any CPU.Build.0 = Release|Any CPU
	EndGlobalSection
	GlobalSection(SolutionProperties) = preSolution
		HideSolutionNode = FALSE
	EndGlobalSection
	GlobalSection(ExtensibilityGlobals) = postSolution
		SolutionGuid = {3AB49A0C-CAEB-45B8-AA0D-3AE46C383F1F}
	EndGlobalSection
EndGlobal
