
Microsoft Visual Studio Solution File, Format Version 12.00
# Visual Studio Version 17
VisualStudioVersion = 17.14.37516.0
MinimumVisualStudioVersion = 10.0.40219.1
Project("{FAE04EC0-301F-11D3-BF4B-00C04F79EFBC}") = "CapaControlador_Reporteador", "CapaControlador_Reporteador\CapaControlador_Reporteador.csproj", "{FF630104-A798-4EFB-9FF2-E84355A84B93}"
EndProject
Project("{FAE04EC0-301F-11D3-BF4B-00C04F79EFBC}") = "CapaModelo_Reporteador", "CapaModelo_Reporteador\CapaModelo_Reporteador.csproj", "{BF2AE373-E969-4939-AA73-FD4535DC5C9C}"
EndProject
Project("{FAE04EC0-301F-11D3-BF4B-00C04F79EFBC}") = "CapaVista_Reporteador", "CapaVista_Reporteador\CapaVista_Reporteador.csproj", "{5775F104-2A02-4776-B094-FD1084D0540A}"
EndProject
Global
	GlobalSection(SolutionConfigurationPlatforms) = preSolution
		Debug|Any CPU = Debug|Any CPU
		Release|Any CPU = Release|Any CPU
	EndGlobalSection
	GlobalSection(ProjectConfigurationPlatforms) = postSolution
		{FF630104-A798-4EFB-9FF2-E84355A84B93}.Debug|Any CPU.ActiveCfg = Debug|Any CPU
		{FF630104-A798-4EFB-9FF2-E84355A84B93}.Debug|Any CPU.Build.0 = Debug|Any CPU
		{FF630104-A798-4EFB-9FF2-E84355A84B93}.Release|Any CPU.ActiveCfg = Release|Any CPU
		{FF630104-A798-4EFB-9FF2-E84355A84B93}.Release|Any CPU.Build.0 = Release|Any CPU
		{BF2AE373-E969-4939-AA73-FD4535DC5C9C}.Debug|Any CPU.ActiveCfg = Debug|Any CPU
		{BF2AE373-E969-4939-AA73-FD4535DC5C9C}.Debug|Any CPU.Build.0 = Debug|Any CPU
		{BF2AE373-E969-4939-AA73-FD4535DC5C9C}.Release|Any CPU.ActiveCfg = Release|Any CPU
		{BF2AE373-E969-4939-AA73-FD4535DC5C9C}.Release|Any CPU.Build.0 = Release|Any CPU
		{5775F104-2A02-4776-B094-FD1084D0540A}.Debug|Any CPU.ActiveCfg = Debug|Any CPU
		{5775F104-2A02-4776-B094-FD1084D0540A}.Debug|Any CPU.Build.0 = Debug|Any CPU
		{5775F104-2A02-4776-B094-FD1084D0540A}.Release|Any CPU.ActiveCfg = Release|Any CPU
		{5775F104-2A02-4776-B094-FD1084D0540A}.Release|Any CPU.Build.0 = Release|Any CPU
	EndGlobalSection
	GlobalSection(SolutionProperties) = preSolution
		HideSolutionNode = FALSE
	EndGlobalSection
	GlobalSection(ExtensibilityGlobals) = postSolution
		SolutionGuid = {8B550363-ABC7-4D03-9D01-4E6158387D93}
	EndGlobalSection
EndGlobal
