
Microsoft Visual Studio Solution File, Format Version 12.00
# Visual Studio Version 17
VisualStudioVersion = 17.14.37502.11 d17.14
MinimumVisualStudioVersion = 10.0.40219.1
Project("{FAE04EC0-301F-11D3-BF4B-00C04F79EFBC}") = "Capa_Vista_Navegador", "Capa_Vista_Navegador\Capa_Vista_Navegador.csproj", "{09E58DA9-D48B-4E81-A249-E0D3DCE445B9}"
EndProject
Global
	GlobalSection(SolutionConfigurationPlatforms) = preSolution
		Debug|Any CPU = Debug|Any CPU
		Release|Any CPU = Release|Any CPU
	EndGlobalSection
	GlobalSection(ProjectConfigurationPlatforms) = postSolution
		{09E58DA9-D48B-4E81-A249-E0D3DCE445B9}.Debug|Any CPU.ActiveCfg = Debug|Any CPU
		{09E58DA9-D48B-4E81-A249-E0D3DCE445B9}.Debug|Any CPU.Build.0 = Debug|Any CPU
		{09E58DA9-D48B-4E81-A249-E0D3DCE445B9}.Release|Any CPU.ActiveCfg = Release|Any CPU
		{09E58DA9-D48B-4E81-A249-E0D3DCE445B9}.Release|Any CPU.Build.0 = Release|Any CPU
	EndGlobalSection
	GlobalSection(SolutionProperties) = preSolution
		HideSolutionNode = FALSE
	EndGlobalSection
	GlobalSection(ExtensibilityGlobals) = postSolution
		SolutionGuid = {30C6A88C-C179-4027-826F-78A580066EAE}
	EndGlobalSection
EndGlobal
